
Microsoft Visual Studio Solution File, Format Version 12.00
# Visual Studio Version 16
VisualStudioVersion = 16.0.30621.155
MinimumVisualStudioVersion = 10.0.40219.1
Project("{FAE04EC0-301F-11D3-BF4B-00C04F79EFBC}") = "StageCheck_MVC_app", "StageCheck_MVC_app\StageCheck_MVC_app.csproj", "{33A377D6-341D-4830-877D-E9CBB6242855}"
EndProject
Global
	GlobalSection(SolutionConfigurationPlatforms) = preSolution
		Debug|Any CPU = Debug|Any CPU
		Release|Any CPU = Release|Any CPU
	EndGlobalSection
	GlobalSection(ProjectConfigurationPlatforms) = postSolution
		{33A377D6-341D-4830-877D-E9CBB6242855}.Debug|Any CPU.ActiveCfg = Debug|Any CPU
		{33A377D6-341D-4830-877D-E9CBB6242855}.Debug|Any CPU.Build.0 = Debug|Any CPU
		{33A377D6-341D-4830-877D-E9CBB6242855}.Release|Any CPU.ActiveCfg = Release|Any CPU
		{33A377D6-341D-4830-877D-E9CBB6242855}.Release|Any CPU.Build.0 = Release|Any CPU
	EndGlobalSection
	GlobalSection(SolutionProperties) = preSolution
		HideSolutionNode = FALSE
	EndGlobalSection
	GlobalSection(ExtensibilityGlobals) = postSolution
		SolutionGuid = {0E854497-33F6-4D55-90EE-DD31BA3DEE41}
	EndGlobalSection
EndGlobal
