
Microsoft Visual Studio Solution File, Format Version 12.00
# Visual Studio Version 16
VisualStudioVersion = 16.0.30503.244
MinimumVisualStudioVersion = 10.0.40219.1
Project("{9A19103F-16F7-4668-BE54-9A1E7A4F7556}") = "StageCheck_API", "StageCheck_API\StageCheck_API.csproj", "{2F362AF1-19D5-411A-BB53-6ED743CD8DAF}"
EndProject
Project("{E53339B2-1760-4266-BCC7-CA923CBCF16C}") = "docker-compose", "docker-compose.dcproj", "{5303E3C1-9C03-4371-8B6B-5DC9FC66D401}"
EndProject
Project("{FAE04EC0-301F-11D3-BF4B-00C04F79EFBC}") = "StageCheck_MVC_app", "StageCheck_MVC_app\StageCheck_MVC_app.csproj", "{350E5B8F-EFE3-429C-B5C9-0534BF730C7C}"
EndProject
Project("{FAE04EC0-301F-11D3-BF4B-00C04F79EFBC}") = "StageCheck_API_Test", "StageCheck_API_Test\StageCheck_API_Test.csproj", "{8B0118F8-C09F-449E-A412-3DF9D5157E5D}"
EndProject
Global
	GlobalSection(SolutionConfigurationPlatforms) = preSolution
		Debug|Any CPU = Debug|Any CPU
		Release|Any CPU = Release|Any CPU
	EndGlobalSection
	GlobalSection(ProjectConfigurationPlatforms) = postSolution
		{2F362AF1-19D5-411A-BB53-6ED743CD8DAF}.Debug|Any CPU.ActiveCfg = Debug|Any CPU
		{2F362AF1-19D5-411A-BB53-6ED743CD8DAF}.Debug|Any CPU.Build.0 = Debug|Any CPU
		{2F362AF1-19D5-411A-BB53-6ED743CD8DAF}.Release|Any CPU.ActiveCfg = Release|Any CPU
		{2F362AF1-19D5-411A-BB53-6ED743CD8DAF}.Release|Any CPU.Build.0 = Release|Any CPU
		{5303E3C1-9C03-4371-8B6B-5DC9FC66D401}.Debug|Any CPU.ActiveCfg = Debug|Any CPU
		{5303E3C1-9C03-4371-8B6B-5DC9FC66D401}.Debug|Any CPU.Build.0 = Debug|Any CPU
		{5303E3C1-9C03-4371-8B6B-5DC9FC66D401}.Release|Any CPU.ActiveCfg = Release|Any CPU
		{5303E3C1-9C03-4371-8B6B-5DC9FC66D401}.Release|Any CPU.Build.0 = Release|Any CPU
		{350E5B8F-EFE3-429C-B5C9-0534BF730C7C}.Debug|Any CPU.ActiveCfg = Debug|Any CPU
		{350E5B8F-EFE3-429C-B5C9-0534BF730C7C}.Debug|Any CPU.Build.0 = Debug|Any CPU
		{350E5B8F-EFE3-429C-B5C9-0534BF730C7C}.Release|Any CPU.ActiveCfg = Release|Any CPU
		{350E5B8F-EFE3-429C-B5C9-0534BF730C7C}.Release|Any CPU.Build.0 = Release|Any CPU
		{8B0118F8-C09F-449E-A412-3DF9D5157E5D}.Debug|Any CPU.ActiveCfg = Debug|Any CPU
		{8B0118F8-C09F-449E-A412-3DF9D5157E5D}.Debug|Any CPU.Build.0 = Debug|Any CPU
		{8B0118F8-C09F-449E-A412-3DF9D5157E5D}.Release|Any CPU.ActiveCfg = Release|Any CPU
		{8B0118F8-C09F-449E-A412-3DF9D5157E5D}.Release|Any CPU.Build.0 = Release|Any CPU
	EndGlobalSection
	GlobalSection(SolutionProperties) = preSolution
		HideSolutionNode = FALSE
	EndGlobalSection
	GlobalSection(ExtensibilityGlobals) = postSolution
		SolutionGuid = {A6D0128B-00F2-4D3D-8F8B-B4CB8727CCF4}
	EndGlobalSection
EndGlobal
